
Microsoft Visual Studio Solution File, Format Version 12.00
# Visual Studio Version 17
VisualStudioVersion = 17.7.34202.233
MinimumVisualStudioVersion = 10.0.40219.1
Project("{2150E333-8FDC-42A3-9474-1A3956D46DE8}") = "Doc", "Doc", "{8C451A2C-3360-42E2-8784-D0722ED7D8D4}"
EndProject
Project("{2150E333-8FDC-42A3-9474-1A3956D46DE8}") = "Src", "Src", "{189E23AA-F49C-46A2-8FAF-8F673485FC9A}"
EndProject
Project("{2150E333-8FDC-42A3-9474-1A3956D46DE8}") = "Test", "Test", "{7C4B746A-8546-4A6F-9817-83D5D9236176}"
EndProject
Project("{2150E333-8FDC-42A3-9474-1A3956D46DE8}") = "Core", "Core", "{D2C3387D-2933-48F7-9AFE-867D789ED2F4}"
EndProject
Project("{2150E333-8FDC-42A3-9474-1A3956D46DE8}") = "Infrastructure", "Infrastructure", "{02B7F170-09CF-43BA-8602-0ACB3DBC2E90}"
EndProject
Project("{2150E333-8FDC-42A3-9474-1A3956D46DE8}") = "Presentation", "Presentation", "{923DC3D4-AE7E-46DC-986F-02DDE15877D1}"
EndProject
Project("{2150E333-8FDC-42A3-9474-1A3956D46DE8}") = "Common", "Common", "{B2ADBD8C-3C77-47C7-B093-EE4DB9F869D5}"
EndProject
Project("{9A19103F-16F7-4668-BE54-9A1E7A4F7556}") = "Bugeto_Test.Domain", "Bugeto_Test.Domain\Bugeto_Test.Domain.csproj", "{D9F71387-F55E-4D8E-B16D-2F5339E73C19}"
EndProject
Project("{9A19103F-16F7-4668-BE54-9A1E7A4F7556}") = "Bugeto_Test.Application", "Bugeto_Test.Application\Bugeto_Test.Application.csproj", "{42A2C48E-103E-48F3-86FD-1F710744AC68}"
EndProject
Project("{9A19103F-16F7-4668-BE54-9A1E7A4F7556}") = "Bugeto_Test.Infrastructure", "Bugeto_Test.Infrastructure\Bugeto_Test.Infrastructure.csproj", "{1D0C84C7-49B6-42C8-A762-E450776D9327}"
EndProject
Project("{9A19103F-16F7-4668-BE54-9A1E7A4F7556}") = "Bugeto_Test.Persistence", "Bugeto_Test.Persistence\Bugeto_Test.Persistence.csproj", "{858CE28E-F395-4439-966A-ADF1F4F81F79}"
EndProject
Project("{9A19103F-16F7-4668-BE54-9A1E7A4F7556}") = "Buget_Test.Common", "Buget_Test.Common\Buget_Test.Common.csproj", "{B4885C00-3695-4E8D-A4DA-F563B155D0D9}"
EndProject
Project("{9A19103F-16F7-4668-BE54-9A1E7A4F7556}") = "EndPoint.Site", "EndPoint.Site\EndPoint.Site.csproj", "{DEF97534-BCC1-443F-BE1C-F6A5C0154A02}"
EndProject
Global
	GlobalSection(SolutionConfigurationPlatforms) = preSolution
		Debug|Any CPU = Debug|Any CPU
		Release|Any CPU = Release|Any CPU
	EndGlobalSection
	GlobalSection(ProjectConfigurationPlatforms) = postSolution
		{D9F71387-F55E-4D8E-B16D-2F5339E73C19}.Debug|Any CPU.ActiveCfg = Debug|Any CPU
		{D9F71387-F55E-4D8E-B16D-2F5339E73C19}.Debug|Any CPU.Build.0 = Debug|Any CPU
		{D9F71387-F55E-4D8E-B16D-2F5339E73C19}.Release|Any CPU.ActiveCfg = Release|Any CPU
		{D9F71387-F55E-4D8E-B16D-2F5339E73C19}.Release|Any CPU.Build.0 = Release|Any CPU
		{42A2C48E-103E-48F3-86FD-1F710744AC68}.Debug|Any CPU.ActiveCfg = Debug|Any CPU
		{42A2C48E-103E-48F3-86FD-1F710744AC68}.Debug|Any CPU.Build.0 = Debug|Any CPU
		{42A2C48E-103E-48F3-86FD-1F710744AC68}.Release|Any CPU.ActiveCfg = Release|Any CPU
		{42A2C48E-103E-48F3-86FD-1F710744AC68}.Release|Any CPU.Build.0 = Release|Any CPU
		{1D0C84C7-49B6-42C8-A762-E450776D9327}.Debug|Any CPU.ActiveCfg = Debug|Any CPU
		{1D0C84C7-49B6-42C8-A762-E450776D9327}.Debug|Any CPU.Build.0 = Debug|Any CPU
		{1D0C84C7-49B6-42C8-A762-E450776D9327}.Release|Any CPU.ActiveCfg = Release|Any CPU
		{1D0C84C7-49B6-42C8-A762-E450776D9327}.Release|Any CPU.Build.0 = Release|Any CPU
		{858CE28E-F395-4439-966A-ADF1F4F81F79}.Debug|Any CPU.ActiveCfg = Debug|Any CPU
		{858CE28E-F395-4439-966A-ADF1F4F81F79}.Debug|Any CPU.Build.0 = Debug|Any CPU
		{858CE28E-F395-4439-966A-ADF1F4F81F79}.Release|Any CPU.ActiveCfg = Release|Any CPU
		{858CE28E-F395-4439-966A-ADF1F4F81F79}.Release|Any CPU.Build.0 = Release|Any CPU
		{B4885C00-3695-4E8D-A4DA-F563B155D0D9}.Debug|Any CPU.ActiveCfg = Debug|Any CPU
		{B4885C00-3695-4E8D-A4DA-F563B155D0D9}.Debug|Any CPU.Build.0 = Debug|Any CPU
		{B4885C00-3695-4E8D-A4DA-F563B155D0D9}.Release|Any CPU.ActiveCfg = Release|Any CPU
		{B4885C00-3695-4E8D-A4DA-F563B155D0D9}.Release|Any CPU.Build.0 = Release|Any CPU
		{DEF97534-BCC1-443F-BE1C-F6A5C0154A02}.Debug|Any CPU.ActiveCfg = Debug|Any CPU
		{DEF97534-BCC1-443F-BE1C-F6A5C0154A02}.Debug|Any CPU.Build.0 = Debug|Any CPU
		{DEF97534-BCC1-443F-BE1C-F6A5C0154A02}.Release|Any CPU.ActiveCfg = Release|Any CPU
		{DEF97534-BCC1-443F-BE1C-F6A5C0154A02}.Release|Any CPU.Build.0 = Release|Any CPU
	EndGlobalSection
	GlobalSection(SolutionProperties) = preSolution
		HideSolutionNode = FALSE
	EndGlobalSection
	GlobalSection(NestedProjects) = preSolution
		{D2C3387D-2933-48F7-9AFE-867D789ED2F4} = {189E23AA-F49C-46A2-8FAF-8F673485FC9A}
		{02B7F170-09CF-43BA-8602-0ACB3DBC2E90} = {189E23AA-F49C-46A2-8FAF-8F673485FC9A}
		{923DC3D4-AE7E-46DC-986F-02DDE15877D1} = {189E23AA-F49C-46A2-8FAF-8F673485FC9A}
		{B2ADBD8C-3C77-47C7-B093-EE4DB9F869D5} = {189E23AA-F49C-46A2-8FAF-8F673485FC9A}
		{D9F71387-F55E-4D8E-B16D-2F5339E73C19} = {D2C3387D-2933-48F7-9AFE-867D789ED2F4}
		{42A2C48E-103E-48F3-86FD-1F710744AC68} = {D2C3387D-2933-48F7-9AFE-867D789ED2F4}
		{1D0C84C7-49B6-42C8-A762-E450776D9327} = {02B7F170-09CF-43BA-8602-0ACB3DBC2E90}
		{858CE28E-F395-4439-966A-ADF1F4F81F79} = {02B7F170-09CF-43BA-8602-0ACB3DBC2E90}
		{B4885C00-3695-4E8D-A4DA-F563B155D0D9} = {B2ADBD8C-3C77-47C7-B093-EE4DB9F869D5}
		{DEF97534-BCC1-443F-BE1C-F6A5C0154A02} = {923DC3D4-AE7E-46DC-986F-02DDE15877D1}
	EndGlobalSection
	GlobalSection(ExtensibilityGlobals) = postSolution
		SolutionGuid = {513D6CB5-DE4F-46DF-9805-AD1C1BCD7C5E}
	EndGlobalSection
EndGlobal
